
Microsoft Visual Studio Solution File, Format Version 12.00
# Visual Studio Version 17
VisualStudioVersion = 17.0.31903.59
MinimumVisualStudioVersion = 10.0.40219.1
Project("{2150E333-8FDC-42A3-9474-1A3956D46DE8}") = "domain", "domain", "{D94326E3-2A94-44AF-9826-EC7F2AD2B515}"
EndProject
Project("{FAE04EC0-301F-11D3-BF4B-00C04F79EFBC}") = "Store", "domain\Store\Store.csproj", "{709A08D0-B2A3-4676-8B09-2CE0EA43D545}"
EndProject
Global
	GlobalSection(SolutionConfigurationPlatforms) = preSolution
		Debug|Any CPU = Debug|Any CPU
		Release|Any CPU = Release|Any CPU
	EndGlobalSection
	GlobalSection(SolutionProperties) = preSolution
		HideSolutionNode = FALSE
	EndGlobalSection
	GlobalSection(ProjectConfigurationPlatforms) = postSolution
		{709A08D0-B2A3-4676-8B09-2CE0EA43D545}.Debug|Any CPU.ActiveCfg = Debug|Any CPU
		{709A08D0-B2A3-4676-8B09-2CE0EA43D545}.Debug|Any CPU.Build.0 = Debug|Any CPU
		{709A08D0-B2A3-4676-8B09-2CE0EA43D545}.Release|Any CPU.ActiveCfg = Release|Any CPU
		{709A08D0-B2A3-4676-8B09-2CE0EA43D545}.Release|Any CPU.Build.0 = Release|Any CPU
	EndGlobalSection
	GlobalSection(NestedProjects) = preSolution
		{709A08D0-B2A3-4676-8B09-2CE0EA43D545} = {D94326E3-2A94-44AF-9826-EC7F2AD2B515}
	EndGlobalSection
EndGlobal
